// !$*UTF8*$!
{
	archiveVersion = 1;
	classes = {
	};
	objectVersion = 50;
	objects = {

/* Begin PBXBuildFile section */
		13726EFA802DA30503B8FCE3 /* Pods_DailyEnglish.framework in Frameworks */ = {isa = PBXBuildFile; fileRef = 9EC180393D9051CEB78B9470 /* Pods_DailyEnglish.framework */; };
		1620DA522189F72200B3CEA2 /* PersonalCenter.swift in Sources */ = {isa = PBXBuildFile; fileRef = 1620DA512189F72200B3CEA2 /* PersonalCenter.swift */; };
		1620DA57218B1AE000B3CEA2 /* Login.swift in Sources */ = {isa = PBXBuildFile; fileRef = 1620DA56218B1AE000B3CEA2 /* Login.swift */; };
		163A10CD2188423D000AE1D1 /* HttpService.swift in Sources */ = {isa = PBXBuildFile; fileRef = 163A10CC2188423D000AE1D1 /* HttpService.swift */; };
		163A10CF21884331000AE1D1 /* AppService.swift in Sources */ = {isa = PBXBuildFile; fileRef = 163A10CE21884331000AE1D1 /* AppService.swift */; };
		163A10D12188465C000AE1D1 /* MainTabBar.swift in Sources */ = {isa = PBXBuildFile; fileRef = 163A10D02188465C000AE1D1 /* MainTabBar.swift */; };
		16417317218F821700EC37ED /* LYLPhotoTailoringTool.m in Sources */ = {isa = PBXBuildFile; fileRef = 16417310218F821700EC37ED /* LYLPhotoTailoringTool.m */; };
		16417318218F821700EC37ED /* LYLPhotoTailoringViewController.m in Sources */ = {isa = PBXBuildFile; fileRef = 16417312218F821700EC37ED /* LYLPhotoTailoringViewController.m */; };
		16417319218F821700EC37ED /* PhotoMaskView.m in Sources */ = {isa = PBXBuildFile; fileRef = 16417314218F821700EC37ED /* PhotoMaskView.m */; };
		1641731A218F821700EC37ED /* UIImage+Crop.m in Sources */ = {isa = PBXBuildFile; fileRef = 16417316218F821700EC37ED /* UIImage+Crop.m */; };
		165D9327218C2F0100EFFA53 /* Main.storyboard in Resources */ = {isa = PBXBuildFile; fileRef = 165D9326218C2F0100EFFA53 /* Main.storyboard */; };
		165D9329218C2FF400EFFA53 /* Login.storyboard in Resources */ = {isa = PBXBuildFile; fileRef = 165D9328218C2FF400EFFA53 /* Login.storyboard */; };
		165D932B218C33DF00EFFA53 /* Regist.swift in Sources */ = {isa = PBXBuildFile; fileRef = 165D932A218C33DF00EFFA53 /* Regist.swift */; };
		165D932D218C33F500EFFA53 /* ForgetPassWorld.swift in Sources */ = {isa = PBXBuildFile; fileRef = 165D932C218C33F500EFFA53 /* ForgetPassWorld.swift */; };
		1668CDEA2190771200AB4487 /* EditNikeName.swift in Sources */ = {isa = PBXBuildFile; fileRef = 1668CDE92190771200AB4487 /* EditNikeName.swift */; };
		1668CDF02190CAEF00AB4487 /* Personal.storyboard in Resources */ = {isa = PBXBuildFile; fileRef = 1668CDEF2190CAEF00AB4487 /* Personal.storyboard */; };
		1668CDF22190CB0A00AB4487 /* Setting.swift in Sources */ = {isa = PBXBuildFile; fileRef = 1668CDF12190CB0A00AB4487 /* Setting.swift */; };
		166E7E6C218EFE0C004212DC /* SMSVerification.swift in Sources */ = {isa = PBXBuildFile; fileRef = 166E7E6B218EFE0C004212DC /* SMSVerification.swift */; };
		166E7E6E218F37FD004212DC /* ResetPassWorld.swift in Sources */ = {isa = PBXBuildFile; fileRef = 166E7E6D218F37FD004212DC /* ResetPassWorld.swift */; };
		1670F31C2196079700FBA64E /* AudioSet.m in Sources */ = {isa = PBXBuildFile; fileRef = 1670F31B2196079700FBA64E /* AudioSet.m */; };
		167DD2C321946D3300FBFB05 /* HWBaseWebViewController.m in Sources */ = {isa = PBXBuildFile; fileRef = 167DD2C221946D3300FBFB05 /* HWBaseWebViewController.m */; };
		167DD2C521946D8F00FBFB05 /* ADWeb.swift in Sources */ = {isa = PBXBuildFile; fileRef = 167DD2C421946D8F00FBFB05 /* ADWeb.swift */; };
		167DD2C72194B81F00FBFB05 /* Home.storyboard in Resources */ = {isa = PBXBuildFile; fileRef = 167DD2C62194B81F00FBFB05 /* Home.storyboard */; };
		167DD2C92194B90B00FBFB05 /* AudioDetails.swift in Sources */ = {isa = PBXBuildFile; fileRef = 167DD2C82194B90B00FBFB05 /* AudioDetails.swift */; };
		16A0019121932D4D00AA8A23 /* HomeTableInfo.swift in Sources */ = {isa = PBXBuildFile; fileRef = 16A0019021932D4D00AA8A23 /* HomeTableInfo.swift */; };
		16CB1A312188728D0030D732 /* ADInfo.swift in Sources */ = {isa = PBXBuildFile; fileRef = 16CB1A302188728D0030D732 /* ADInfo.swift */; };
		16CB1A8E21887EDC0030D732 /* AFHTTPSessionManager.m in Sources */ = {isa = PBXBuildFile; fileRef = 16CB1A8221887EDB0030D732 /* AFHTTPSessionManager.m */; };
		16CB1A8F21887EDC0030D732 /* AFNetworkReachabilityManager.m in Sources */ = {isa = PBXBuildFile; fileRef = 16CB1A8521887EDC0030D732 /* AFNetworkReachabilityManager.m */; };
		16CB1A9021887EDC0030D732 /* AFSecurityPolicy.m in Sources */ = {isa = PBXBuildFile; fileRef = 16CB1A8721887EDC0030D732 /* AFSecurityPolicy.m */; };
		16CB1A9121887EDC0030D732 /* AFURLRequestSerialization.m in Sources */ = {isa = PBXBuildFile; fileRef = 16CB1A8921887EDC0030D732 /* AFURLRequestSerialization.m */; };
		16CB1A9221887EDC0030D732 /* AFURLResponseSerialization.m in Sources */ = {isa = PBXBuildFile; fileRef = 16CB1A8B21887EDC0030D732 /* AFURLResponseSerialization.m */; };
		16CB1A9321887EDC0030D732 /* AFURLSessionManager.m in Sources */ = {isa = PBXBuildFile; fileRef = 16CB1A8D21887EDC0030D732 /* AFURLSessionManager.m */; };
		16CB1A952188900F0030D732 /* NetStatus.swift in Sources */ = {isa = PBXBuildFile; fileRef = 16CB1A942188900F0030D732 /* NetStatus.swift */; };
		16D6A28C2191CBB200EACD02 /* DailyRecommendation.swift in Sources */ = {isa = PBXBuildFile; fileRef = 16D6A28B2191CBB200EACD02 /* DailyRecommendation.swift */; };
		16D6A28E2191F0E000EACD02 /* HomeHeaderView.swift in Sources */ = {isa = PBXBuildFile; fileRef = 16D6A28D2191F0E000EACD02 /* HomeHeaderView.swift */; };
		16D6A2902191F95F00EACD02 /* ScrolInfo.swift in Sources */ = {isa = PBXBuildFile; fileRef = 16D6A28F2191F95F00EACD02 /* ScrolInfo.swift */; };
		16D6A2922191FC0800EACD02 /* HomeNewsInfo.swift in Sources */ = {isa = PBXBuildFile; fileRef = 16D6A2912191FC0800EACD02 /* HomeNewsInfo.swift */; };
		16FA9A4D2186E2130094F334 /* AppDelegate.swift in Sources */ = {isa = PBXBuildFile; fileRef = 16FA9A4C2186E2130094F334 /* AppDelegate.swift */; };
		16FA9A542186E2190094F334 /* Assets.xcassets in Resources */ = {isa = PBXBuildFile; fileRef = 16FA9A532186E2190094F334 /* Assets.xcassets */; };
		16FA9A622186E2190094F334 /* DailyEnglishTests.swift in Sources */ = {isa = PBXBuildFile; fileRef = 16FA9A612186E2190094F334 /* DailyEnglishTests.swift */; };
		16FA9A6D2186E2190094F334 /* DailyEnglishUITests.swift in Sources */ = {isa = PBXBuildFile; fileRef = 16FA9A6C2186E2190094F334 /* DailyEnglishUITests.swift */; };
		16FA9A812186FEF60094F334 /* AppMacros.swift in Sources */ = {isa = PBXBuildFile; fileRef = 16FA9A802186FEF60094F334 /* AppMacros.swift */; };
		16FA9A8D218700350094F334 /* ImageUtil.swift in Sources */ = {isa = PBXBuildFile; fileRef = 16FA9A88218700350094F334 /* ImageUtil.swift */; };
		16FA9A8E218700350094F334 /* RandomUtil.swift in Sources */ = {isa = PBXBuildFile; fileRef = 16FA9A89218700350094F334 /* RandomUtil.swift */; };
		16FA9A8F218700350094F334 /* TimeUtil.swift in Sources */ = {isa = PBXBuildFile; fileRef = 16FA9A8A218700350094F334 /* TimeUtil.swift */; };
		16FA9A90218700350094F334 /* RegularUtil.swift in Sources */ = {isa = PBXBuildFile; fileRef = 16FA9A8B218700350094F334 /* RegularUtil.swift */; };
		16FA9A91218700350094F334 /* StringUtil.swift in Sources */ = {isa = PBXBuildFile; fileRef = 16FA9A8C218700350094F334 /* StringUtil.swift */; };
		16FA9AA3218700BD0094F334 /* UIViewController+BackButtonHandler.m in Sources */ = {isa = PBXBuildFile; fileRef = 16FA9A98218700BC0094F334 /* UIViewController+BackButtonHandler.m */; };
		16FA9AA4218700BD0094F334 /* UITabBar+TabbarItemBadge.m in Sources */ = {isa = PBXBuildFile; fileRef = 16FA9A99218700BD0094F334 /* UITabBar+TabbarItemBadge.m */; };
		16FA9AA5218700BD0094F334 /* UIImage+FixOrientation.m in Sources */ = {isa = PBXBuildFile; fileRef = 16FA9A9A218700BD0094F334 /* UIImage+FixOrientation.m */; };
		16FA9AA6218700BD0094F334 /* UIButton+LSSmsVerification.m in Sources */ = {isa = PBXBuildFile; fileRef = 16FA9A9E218700BD0094F334 /* UIButton+LSSmsVerification.m */; };
		16FA9AA7218700BD0094F334 /* UIButton+Badge.m in Sources */ = {isa = PBXBuildFile; fileRef = 16FA9A9F218700BD0094F334 /* UIButton+Badge.m */; };
		16FA9AAE218700F50094F334 /* QLNCustomButton.swift in Sources */ = {isa = PBXBuildFile; fileRef = 16FA9AA9218700F40094F334 /* QLNCustomButton.swift */; };
		16FA9AAF218700F50094F334 /* QLNTextField.swift in Sources */ = {isa = PBXBuildFile; fileRef = 16FA9AAA218700F40094F334 /* QLNTextField.swift */; };
		16FA9AB0218700F50094F334 /* QLNCustomView.swift in Sources */ = {isa = PBXBuildFile; fileRef = 16FA9AAB218700F50094F334 /* QLNCustomView.swift */; };
		16FA9AB4218725780094F334 /* LaunchScreen.storyboard in Resources */ = {isa = PBXBuildFile; fileRef = 16FA9AB3218725780094F334 /* LaunchScreen.storyboard */; };
		16FA9ABA21872DD80094F334 /* StartViewController.swift in Sources */ = {isa = PBXBuildFile; fileRef = 16FA9AB921872DD80094F334 /* StartViewController.swift */; };
		16FA9AC0218747950094F334 /* ATCountdownButton.m in Sources */ = {isa = PBXBuildFile; fileRef = 16FA9ABD218747950094F334 /* ATCountdownButton.m */; };
		16FA9AC1218747950094F334 /* NSTimer+ExtraMethod.m in Sources */ = {isa = PBXBuildFile; fileRef = 16FA9ABF218747950094F334 /* NSTimer+ExtraMethod.m */; };
/* End PBXBuildFile section */

/* Begin PBXContainerItemProxy section */
		16FA9A5E2186E2190094F334 /* PBXContainerItemProxy */ = {
			isa = PBXContainerItemProxy;
			containerPortal = 16FA9A412186E2130094F334 /* Project object */;
			proxyType = 1;
			remoteGlobalIDString = 16FA9A482186E2130094F334;
			remoteInfo = DailyEnglish;
		};
		16FA9A692186E2190094F334 /* PBXContainerItemProxy */ = {
			isa = PBXContainerItemProxy;
			containerPortal = 16FA9A412186E2130094F334 /* Project object */;
			proxyType = 1;
			remoteGlobalIDString = 16FA9A482186E2130094F334;
			remoteInfo = DailyEnglish;
		};
/* End PBXContainerItemProxy section */

/* Begin PBXFileReference section */
		08337A2EC0DAD116113E2731 /* Pods-DailyEnglish.release.xcconfig */ = {isa = PBXFileReference; includeInIndex = 1; lastKnownFileType = text.xcconfig; name = "Pods-DailyEnglish.release.xcconfig"; path = "Pods/Target Support Files/Pods-DailyEnglish/Pods-DailyEnglish.release.xcconfig"; sourceTree = "<group>"; };
		1620DA512189F72200B3CEA2 /* PersonalCenter.swift */ = {isa = PBXFileReference; lastKnownFileType = sourcecode.swift; path = PersonalCenter.swift; sourceTree = "<group>"; };
		1620DA56218B1AE000B3CEA2 /* Login.swift */ = {isa = PBXFileReference; lastKnownFileType = sourcecode.swift; path = Login.swift; sourceTree = "<group>"; };
		163A10CC2188423D000AE1D1 /* HttpService.swift */ = {isa = PBXFileReference; fileEncoding = 4; lastKnownFileType = sourcecode.swift; path = HttpService.swift; sourceTree = "<group>"; };
		163A10CE21884331000AE1D1 /* AppService.swift */ = {isa = PBXFileReference; fileEncoding = 4; lastKnownFileType = sourcecode.swift; path = AppService.swift; sourceTree = "<group>"; };
		163A10D02188465C000AE1D1 /* MainTabBar.swift */ = {isa = PBXFileReference; lastKnownFileType = sourcecode.swift; path = MainTabBar.swift; sourceTree = "<group>"; };
		1641730F218F821700EC37ED /* LYLPhotoTailoringTool.h */ = {isa = PBXFileReference; fileEncoding = 4; lastKnownFileType = sourcecode.c.h; path = LYLPhotoTailoringTool.h; sourceTree = "<group>"; };
		16417310218F821700EC37ED /* LYLPhotoTailoringTool.m */ = {isa = PBXFileReference; fileEncoding = 4; lastKnownFileType = sourcecode.c.objc; path = LYLPhotoTailoringTool.m; sourceTree = "<group>"; };
		16417311218F821700EC37ED /* LYLPhotoTailoringViewController.h */ = {isa = PBXFileReference; fileEncoding = 4; lastKnownFileType = sourcecode.c.h; path = LYLPhotoTailoringViewController.h; sourceTree = "<group>"; };
		16417312218F821700EC37ED /* LYLPhotoTailoringViewController.m */ = {isa = PBXFileReference; fileEncoding = 4; lastKnownFileType = sourcecode.c.objc; path = LYLPhotoTailoringViewController.m; sourceTree = "<group>"; };
		16417313218F821700EC37ED /* PhotoMaskView.h */ = {isa = PBXFileReference; fileEncoding = 4; lastKnownFileType = sourcecode.c.h; path = PhotoMaskView.h; sourceTree = "<group>"; };
		16417314218F821700EC37ED /* PhotoMaskView.m */ = {isa = PBXFileReference; fileEncoding = 4; lastKnownFileType = sourcecode.c.objc; path = PhotoMaskView.m; sourceTree = "<group>"; };
		16417315218F821700EC37ED /* UIImage+Crop.h */ = {isa = PBXFileReference; fileEncoding = 4; lastKnownFileType = sourcecode.c.h; path = "UIImage+Crop.h"; sourceTree = "<group>"; };
		16417316218F821700EC37ED /* UIImage+Crop.m */ = {isa = PBXFileReference; fileEncoding = 4; lastKnownFileType = sourcecode.c.objc; path = "UIImage+Crop.m"; sourceTree = "<group>"; };
		165D9326218C2F0100EFFA53 /* Main.storyboard */ = {isa = PBXFileReference; fileEncoding = 4; lastKnownFileType = file.storyboard; path = Main.storyboard; sourceTree = "<group>"; };
		165D9328218C2FF400EFFA53 /* Login.storyboard */ = {isa = PBXFileReference; fileEncoding = 4; lastKnownFileType = file.storyboard; path = Login.storyboard; sourceTree = "<group>"; };
		165D932A218C33DF00EFFA53 /* Regist.swift */ = {isa = PBXFileReference; lastKnownFileType = sourcecode.swift; path = Regist.swift; sourceTree = "<group>"; };
		165D932C218C33F500EFFA53 /* ForgetPassWorld.swift */ = {isa = PBXFileReference; lastKnownFileType = sourcecode.swift; path = ForgetPassWorld.swift; sourceTree = "<group>"; };
		1668CDE92190771200AB4487 /* EditNikeName.swift */ = {isa = PBXFileReference; lastKnownFileType = sourcecode.swift; path = EditNikeName.swift; sourceTree = "<group>"; };
		1668CDEF2190CAEF00AB4487 /* Personal.storyboard */ = {isa = PBXFileReference; lastKnownFileType = file.storyboard; path = Personal.storyboard; sourceTree = "<group>"; };
		1668CDF12190CB0A00AB4487 /* Setting.swift */ = {isa = PBXFileReference; lastKnownFileType = sourcecode.swift; path = Setting.swift; sourceTree = "<group>"; };
		166E7E6B218EFE0C004212DC /* SMSVerification.swift */ = {isa = PBXFileReference; lastKnownFileType = sourcecode.swift; path = SMSVerification.swift; sourceTree = "<group>"; };
		166E7E6D218F37FD004212DC /* ResetPassWorld.swift */ = {isa = PBXFileReference; lastKnownFileType = sourcecode.swift; path = ResetPassWorld.swift; sourceTree = "<group>"; };
		1670F31A2196079700FBA64E /* AudioSet.h */ = {isa = PBXFileReference; lastKnownFileType = sourcecode.c.h; path = AudioSet.h; sourceTree = "<group>"; };
		1670F31B2196079700FBA64E /* AudioSet.m */ = {isa = PBXFileReference; lastKnownFileType = sourcecode.c.objc; path = AudioSet.m; sourceTree = "<group>"; };
		167DD2C121946D3300FBFB05 /* HWBaseWebViewController.h */ = {isa = PBXFileReference; fileEncoding = 4; lastKnownFileType = sourcecode.c.h; path = HWBaseWebViewController.h; sourceTree = "<group>"; };
		167DD2C221946D3300FBFB05 /* HWBaseWebViewController.m */ = {isa = PBXFileReference; fileEncoding = 4; lastKnownFileType = sourcecode.c.objc; path = HWBaseWebViewController.m; sourceTree = "<group>"; };
		167DD2C421946D8F00FBFB05 /* ADWeb.swift */ = {isa = PBXFileReference; lastKnownFileType = sourcecode.swift; path = ADWeb.swift; sourceTree = "<group>"; };
		167DD2C62194B81F00FBFB05 /* Home.storyboard */ = {isa = PBXFileReference; lastKnownFileType = file.storyboard; path = Home.storyboard; sourceTree = "<group>"; };
		167DD2C82194B90B00FBFB05 /* AudioDetails.swift */ = {isa = PBXFileReference; lastKnownFileType = sourcecode.swift; path = AudioDetails.swift; sourceTree = "<group>"; };
		16A0019021932D4D00AA8A23 /* HomeTableInfo.swift */ = {isa = PBXFileReference; lastKnownFileType = sourcecode.swift; path = HomeTableInfo.swift; sourceTree = "<group>"; };
		16CB1A302188728D0030D732 /* ADInfo.swift */ = {isa = PBXFileReference; lastKnownFileType = sourcecode.swift; path = ADInfo.swift; sourceTree = "<group>"; };
		16CB1A8021887EDB0030D732 /* AFCompatibilityMacros.h */ = {isa = PBXFileReference; fileEncoding = 4; lastKnownFileType = sourcecode.c.h; path = AFCompatibilityMacros.h; sourceTree = "<group>"; };
		16CB1A8121887EDB0030D732 /* AFHTTPSessionManager.h */ = {isa = PBXFileReference; fileEncoding = 4; lastKnownFileType = sourcecode.c.h; path = AFHTTPSessionManager.h; sourceTree = "<group>"; };
		16CB1A8221887EDB0030D732 /* AFHTTPSessionManager.m */ = {isa = PBXFileReference; fileEncoding = 4; lastKnownFileType = sourcecode.c.objc; path = AFHTTPSessionManager.m; sourceTree = "<group>"; };
		16CB1A8321887EDB0030D732 /* AFNetworking.h */ = {isa = PBXFileReference; fileEncoding = 4; lastKnownFileType = sourcecode.c.h; path = AFNetworking.h; sourceTree = "<group>"; };
		16CB1A8421887EDB0030D732 /* AFNetworkReachabilityManager.h */ = {isa = PBXFileReference; fileEncoding = 4; lastKnownFileType = sourcecode.c.h; path = AFNetworkReachabilityManager.h; sourceTree = "<group>"; };
		16CB1A8521887EDC0030D732 /* AFNetworkReachabilityManager.m */ = {isa = PBXFileReference; fileEncoding = 4; lastKnownFileType = sourcecode.c.objc; path = AFNetworkReachabilityManager.m; sourceTree = "<group>"; };
		16CB1A8621887EDC0030D732 /* AFSecurityPolicy.h */ = {isa = PBXFileReference; fileEncoding = 4; lastKnownFileType = sourcecode.c.h; path = AFSecurityPolicy.h; sourceTree = "<group>"; };
		16CB1A8721887EDC0030D732 /* AFSecurityPolicy.m */ = {isa = PBXFileReference; fileEncoding = 4; lastKnownFileType = sourcecode.c.objc; path = AFSecurityPolicy.m; sourceTree = "<group>"; };
		16CB1A8821887EDC0030D732 /* AFURLRequestSerialization.h */ = {isa = PBXFileReference; fileEncoding = 4; lastKnownFileType = sourcecode.c.h; path = AFURLRequestSerialization.h; sourceTree = "<group>"; };
		16CB1A8921887EDC0030D732 /* AFURLRequestSerialization.m */ = {isa = PBXFileReference; fileEncoding = 4; lastKnownFileType = sourcecode.c.objc; path = AFURLRequestSerialization.m; sourceTree = "<group>"; };
		16CB1A8A21887EDC0030D732 /* AFURLResponseSerialization.h */ = {isa = PBXFileReference; fileEncoding = 4; lastKnownFileType = sourcecode.c.h; path = AFURLResponseSerialization.h; sourceTree = "<group>"; };
		16CB1A8B21887EDC0030D732 /* AFURLResponseSerialization.m */ = {isa = PBXFileReference; fileEncoding = 4; lastKnownFileType = sourcecode.c.objc; path = AFURLResponseSerialization.m; sourceTree = "<group>"; };
		16CB1A8C21887EDC0030D732 /* AFURLSessionManager.h */ = {isa = PBXFileReference; fileEncoding = 4; lastKnownFileType = sourcecode.c.h; path = AFURLSessionManager.h; sourceTree = "<group>"; };
		16CB1A8D21887EDC0030D732 /* AFURLSessionManager.m */ = {isa = PBXFileReference; fileEncoding = 4; lastKnownFileType = sourcecode.c.objc; path = AFURLSessionManager.m; sourceTree = "<group>"; };
		16CB1A942188900F0030D732 /* NetStatus.swift */ = {isa = PBXFileReference; lastKnownFileType = sourcecode.swift; path = NetStatus.swift; sourceTree = "<group>"; };
		16D6A28B2191CBB200EACD02 /* DailyRecommendation.swift */ = {isa = PBXFileReference; lastKnownFileType = sourcecode.swift; path = DailyRecommendation.swift; sourceTree = "<group>"; };
		16D6A28D2191F0E000EACD02 /* HomeHeaderView.swift */ = {isa = PBXFileReference; lastKnownFileType = sourcecode.swift; path = HomeHeaderView.swift; sourceTree = "<group>"; };
		16D6A28F2191F95F00EACD02 /* ScrolInfo.swift */ = {isa = PBXFileReference; lastKnownFileType = sourcecode.swift; path = ScrolInfo.swift; sourceTree = "<group>"; };
		16D6A2912191FC0800EACD02 /* HomeNewsInfo.swift */ = {isa = PBXFileReference; lastKnownFileType = sourcecode.swift; path = HomeNewsInfo.swift; sourceTree = "<group>"; };
		16FA9A492186E2130094F334 /* DailyEnglish.app */ = {isa = PBXFileReference; explicitFileType = wrapper.application; includeInIndex = 0; path = DailyEnglish.app; sourceTree = BUILT_PRODUCTS_DIR; };
		16FA9A4C2186E2130094F334 /* AppDelegate.swift */ = {isa = PBXFileReference; lastKnownFileType = sourcecode.swift; path = AppDelegate.swift; sourceTree = "<group>"; };
		16FA9A532186E2190094F334 /* Assets.xcassets */ = {isa = PBXFileReference; lastKnownFileType = folder.assetcatalog; path = Assets.xcassets; sourceTree = "<group>"; };
		16FA9A582186E2190094F334 /* Info.plist */ = {isa = PBXFileReference; lastKnownFileType = text.plist.xml; path = Info.plist; sourceTree = "<group>"; };
		16FA9A5D2186E2190094F334 /* DailyEnglishTests.xctest */ = {isa = PBXFileReference; explicitFileType = wrapper.cfbundle; includeInIndex = 0; path = DailyEnglishTests.xctest; sourceTree = BUILT_PRODUCTS_DIR; };
		16FA9A612186E2190094F334 /* DailyEnglishTests.swift */ = {isa = PBXFileReference; lastKnownFileType = sourcecode.swift; path = DailyEnglishTests.swift; sourceTree = "<group>"; };
		16FA9A632186E2190094F334 /* Info.plist */ = {isa = PBXFileReference; lastKnownFileType = text.plist.xml; path = Info.plist; sourceTree = "<group>"; };
		16FA9A682186E2190094F334 /* DailyEnglishUITests.xctest */ = {isa = PBXFileReference; explicitFileType = wrapper.cfbundle; includeInIndex = 0; path = DailyEnglishUITests.xctest; sourceTree = BUILT_PRODUCTS_DIR; };
		16FA9A6C2186E2190094F334 /* DailyEnglishUITests.swift */ = {isa = PBXFileReference; lastKnownFileType = sourcecode.swift; path = DailyEnglishUITests.swift; sourceTree = "<group>"; };
		16FA9A6E2186E2190094F334 /* Info.plist */ = {isa = PBXFileReference; lastKnownFileType = text.plist.xml; path = Info.plist; sourceTree = "<group>"; };
		16FA9A7A2186E37D0094F334 /* DailyEnglish-Bridging-Header.h */ = {isa = PBXFileReference; lastKnownFileType = sourcecode.c.h; path = "DailyEnglish-Bridging-Header.h"; sourceTree = "<group>"; };
		16FA9A802186FEF60094F334 /* AppMacros.swift */ = {isa = PBXFileReference; fileEncoding = 4; lastKnownFileType = sourcecode.swift; path = AppMacros.swift; sourceTree = "<group>"; };
		16FA9A88218700350094F334 /* ImageUtil.swift */ = {isa = PBXFileReference; fileEncoding = 4; lastKnownFileType = sourcecode.swift; path = ImageUtil.swift; sourceTree = "<group>"; };
		16FA9A89218700350094F334 /* RandomUtil.swift */ = {isa = PBXFileReference; fileEncoding = 4; lastKnownFileType = sourcecode.swift; path = RandomUtil.swift; sourceTree = "<group>"; };
		16FA9A8A218700350094F334 /* TimeUtil.swift */ = {isa = PBXFileReference; fileEncoding = 4; lastKnownFileType = sourcecode.swift; path = TimeUtil.swift; sourceTree = "<group>"; };
		16FA9A8B218700350094F334 /* RegularUtil.swift */ = {isa = PBXFileReference; fileEncoding = 4; lastKnownFileType = sourcecode.swift; path = RegularUtil.swift; sourceTree = "<group>"; };
		16FA9A8C218700350094F334 /* StringUtil.swift */ = {isa = PBXFileReference; fileEncoding = 4; lastKnownFileType = sourcecode.swift; path = StringUtil.swift; sourceTree = "<group>"; };
		16FA9A98218700BC0094F334 /* UIViewController+BackButtonHandler.m */ = {isa = PBXFileReference; fileEncoding = 4; lastKnownFileType = sourcecode.c.objc; path = "UIViewController+BackButtonHandler.m"; sourceTree = "<group>"; };
		16FA9A99218700BD0094F334 /* UITabBar+TabbarItemBadge.m */ = {isa = PBXFileReference; fileEncoding = 4; lastKnownFileType = sourcecode.c.objc; path = "UITabBar+TabbarItemBadge.m"; sourceTree = "<group>"; };
		16FA9A9A218700BD0094F334 /* UIImage+FixOrientation.m */ = {isa = PBXFileReference; fileEncoding = 4; lastKnownFileType = sourcecode.c.objc; path = "UIImage+FixOrientation.m"; sourceTree = "<group>"; };
		16FA9A9B218700BD0094F334 /* UITabBar+TabbarItemBadge.h */ = {isa = PBXFileReference; fileEncoding = 4; lastKnownFileType = sourcecode.c.h; path = "UITabBar+TabbarItemBadge.h"; sourceTree = "<group>"; };
		16FA9A9C218700BD0094F334 /* UIViewController+BackButtonHandler.h */ = {isa = PBXFileReference; fileEncoding = 4; lastKnownFileType = sourcecode.c.h; path = "UIViewController+BackButtonHandler.h"; sourceTree = "<group>"; };
		16FA9A9D218700BD0094F334 /* UIButton+LSSmsVerification.h */ = {isa = PBXFileReference; fileEncoding = 4; lastKnownFileType = sourcecode.c.h; path = "UIButton+LSSmsVerification.h"; sourceTree = "<group>"; };
		16FA9A9E218700BD0094F334 /* UIButton+LSSmsVerification.m */ = {isa = PBXFileReference; fileEncoding = 4; lastKnownFileType = sourcecode.c.objc; path = "UIButton+LSSmsVerification.m"; sourceTree = "<group>"; };
		16FA9A9F218700BD0094F334 /* UIButton+Badge.m */ = {isa = PBXFileReference; fileEncoding = 4; lastKnownFileType = sourcecode.c.objc; path = "UIButton+Badge.m"; sourceTree = "<group>"; };
		16FA9AA1218700BD0094F334 /* UIButton+Badge.h */ = {isa = PBXFileReference; fileEncoding = 4; lastKnownFileType = sourcecode.c.h; path = "UIButton+Badge.h"; sourceTree = "<group>"; };
		16FA9AA2218700BD0094F334 /* UIImage+FixOrientation.h */ = {isa = PBXFileReference; fileEncoding = 4; lastKnownFileType = sourcecode.c.h; path = "UIImage+FixOrientation.h"; sourceTree = "<group>"; };
		16FA9AA9218700F40094F334 /* QLNCustomButton.swift */ = {isa = PBXFileReference; fileEncoding = 4; lastKnownFileType = sourcecode.swift; path = QLNCustomButton.swift; sourceTree = "<group>"; };
		16FA9AAA218700F40094F334 /* QLNTextField.swift */ = {isa = PBXFileReference; fileEncoding = 4; lastKnownFileType = sourcecode.swift; path = QLNTextField.swift; sourceTree = "<group>"; };
		16FA9AAB218700F50094F334 /* QLNCustomView.swift */ = {isa = PBXFileReference; fileEncoding = 4; lastKnownFileType = sourcecode.swift; path = QLNCustomView.swift; sourceTree = "<group>"; };
		16FA9AB3218725780094F334 /* LaunchScreen.storyboard */ = {isa = PBXFileReference; fileEncoding = 4; lastKnownFileType = file.storyboard; path = LaunchScreen.storyboard; sourceTree = "<group>"; };
		16FA9AB921872DD80094F334 /* StartViewController.swift */ = {isa = PBXFileReference; lastKnownFileType = sourcecode.swift; path = StartViewController.swift; sourceTree = "<group>"; };
		16FA9ABC218747950094F334 /* ATCountdownButton.h */ = {isa = PBXFileReference; fileEncoding = 4; lastKnownFileType = sourcecode.c.h; path = ATCountdownButton.h; sourceTree = "<group>"; };
		16FA9ABD218747950094F334 /* ATCountdownButton.m */ = {isa = PBXFileReference; fileEncoding = 4; lastKnownFileType = sourcecode.c.objc; path = ATCountdownButton.m; sourceTree = "<group>"; };
		16FA9ABE218747950094F334 /* NSTimer+ExtraMethod.h */ = {isa = PBXFileReference; fileEncoding = 4; lastKnownFileType = sourcecode.c.h; path = "NSTimer+ExtraMethod.h"; sourceTree = "<group>"; };
		16FA9ABF218747950094F334 /* NSTimer+ExtraMethod.m */ = {isa = PBXFileReference; fileEncoding = 4; lastKnownFileType = sourcecode.c.objc; path = "NSTimer+ExtraMethod.m"; sourceTree = "<group>"; };
		7B7C77DE74CB881B9BF9C3C0 /* Pods-DailyEnglish.debug.xcconfig */ = {isa = PBXFileReference; includeInIndex = 1; lastKnownFileType = text.xcconfig; name = "Pods-DailyEnglish.debug.xcconfig"; path = "Pods/Target Support Files/Pods-DailyEnglish/Pods-DailyEnglish.debug.xcconfig"; sourceTree = "<group>"; };
		9EC180393D9051CEB78B9470 /* Pods_DailyEnglish.framework */ = {isa = PBXFileReference; explicitFileType = wrapper.framework; includeInIndex = 0; path = Pods_DailyEnglish.framework; sourceTree = BUILT_PRODUCTS_DIR; };
/* End PBXFileReference section */

/* Begin PBXFrameworksBuildPhase section */
		16FA9A462186E2130094F334 /* Frameworks */ = {
			isa = PBXFrameworksBuildPhase;
			buildActionMask = 2147483647;
			files = (
				13726EFA802DA30503B8FCE3 /* Pods_DailyEnglish.framework in Frameworks */,
			);
			runOnlyForDeploymentPostprocessing = 0;
		};
		16FA9A5A2186E2190094F334 /* Frameworks */ = {
			isa = PBXFrameworksBuildPhase;
			buildActionMask = 2147483647;
			files = (
			);
			runOnlyForDeploymentPostprocessing = 0;
		};
		16FA9A652186E2190094F334 /* Frameworks */ = {
			isa = PBXFrameworksBuildPhase;
			buildActionMask = 2147483647;
			files = (
			);
			runOnlyForDeploymentPostprocessing = 0;
		};
/* End PBXFrameworksBuildPhase section */

/* Begin PBXGroup section */
		1620DA502189F6BC00B3CEA2 /* Personal */ = {
			isa = PBXGroup;
			children = (
				1620DA512189F72200B3CEA2 /* PersonalCenter.swift */,
				1668CDF12190CB0A00AB4487 /* Setting.swift */,
			);
			path = Personal;
			sourceTree = "<group>";
		};
		1620DA55218B1AD100B3CEA2 /* Login */ = {
			isa = PBXGroup;
			children = (
				1620DA56218B1AE000B3CEA2 /* Login.swift */,
				165D932A218C33DF00EFFA53 /* Regist.swift */,
				165D932C218C33F500EFFA53 /* ForgetPassWorld.swift */,
				166E7E6B218EFE0C004212DC /* SMSVerification.swift */,
				166E7E6D218F37FD004212DC /* ResetPassWorld.swift */,
			);
			path = Login;
			sourceTree = "<group>";
		};
		1641730E218F821700EC37ED /* PhotoTailoringSource */ = {
			isa = PBXGroup;
			children = (
				1641730F218F821700EC37ED /* LYLPhotoTailoringTool.h */,
				16417310218F821700EC37ED /* LYLPhotoTailoringTool.m */,
				16417311218F821700EC37ED /* LYLPhotoTailoringViewController.h */,
				16417312218F821700EC37ED /* LYLPhotoTailoringViewController.m */,
				16417313218F821700EC37ED /* PhotoMaskView.h */,
				16417314218F821700EC37ED /* PhotoMaskView.m */,
				16417315218F821700EC37ED /* UIImage+Crop.h */,
				16417316218F821700EC37ED /* UIImage+Crop.m */,
			);
			path = PhotoTailoringSource;
			sourceTree = "<group>";
		};
		1668CDEB2190772200AB4487 /* Dialog */ = {
			isa = PBXGroup;
			children = (
				1668CDE92190771200AB4487 /* EditNikeName.swift */,
			);
			path = Dialog;
			sourceTree = "<group>";
		};
		1668CDEC2190C2AF00AB4487 /* Home */ = {
			isa = PBXGroup;
			children = (
				16D6A28B2191CBB200EACD02 /* DailyRecommendation.swift */,
				167DD2C82194B90B00FBFB05 /* AudioDetails.swift */,
			);
			path = Home;
			sourceTree = "<group>";
		};
		167DD2C021946D3300FBFB05 /* HWBaseWebViewController */ = {
			isa = PBXGroup;
			children = (
				167DD2C121946D3300FBFB05 /* HWBaseWebViewController.h */,
				167DD2C221946D3300FBFB05 /* HWBaseWebViewController.m */,
			);
			path = HWBaseWebViewController;
			sourceTree = "<group>";
		};
		16CB1A7F21887EDB0030D732 /* AFNetworking */ = {
			isa = PBXGroup;
			children = (
				16CB1A8021887EDB0030D732 /* AFCompatibilityMacros.h */,
				16CB1A8121887EDB0030D732 /* AFHTTPSessionManager.h */,
				16CB1A8221887EDB0030D732 /* AFHTTPSessionManager.m */,
				16CB1A8321887EDB0030D732 /* AFNetworking.h */,
				16CB1A8421887EDB0030D732 /* AFNetworkReachabilityManager.h */,
				16CB1A8521887EDC0030D732 /* AFNetworkReachabilityManager.m */,
				16CB1A8621887EDC0030D732 /* AFSecurityPolicy.h */,
				16CB1A8721887EDC0030D732 /* AFSecurityPolicy.m */,
				16CB1A8821887EDC0030D732 /* AFURLRequestSerialization.h */,
				16CB1A8921887EDC0030D732 /* AFURLRequestSerialization.m */,
				16CB1A8A21887EDC0030D732 /* AFURLResponseSerialization.h */,
				16CB1A8B21887EDC0030D732 /* AFURLResponseSerialization.m */,
				16CB1A8C21887EDC0030D732 /* AFURLSessionManager.h */,
				16CB1A8D21887EDC0030D732 /* AFURLSessionManager.m */,
			);
			path = AFNetworking;
			sourceTree = "<group>";
		};
		16CB1A992188D8060030D732 /* AD */ = {
			isa = PBXGroup;
			children = (
				16FA9AB921872DD80094F334 /* StartViewController.swift */,
				167DD2C421946D8F00FBFB05 /* ADWeb.swift */,
			);
			path = AD;
			sourceTree = "<group>";
		};
		16FA9A402186E2130094F334 = {
			isa = PBXGroup;
			children = (
				16FA9A4B2186E2130094F334 /* DailyEnglish */,
				16FA9A602186E2190094F334 /* DailyEnglishTests */,
				16FA9A6B2186E2190094F334 /* DailyEnglishUITests */,
				16FA9A4A2186E2130094F334 /* Products */,
				D643C0190ACFB2AD6F3543A6 /* Pods */,
				6712F52656B4E4AEAED99E28 /* Frameworks */,
			);
			sourceTree = "<group>";
		};
		16FA9A4A2186E2130094F334 /* Products */ = {
			isa = PBXGroup;
			children = (
				16FA9A492186E2130094F334 /* DailyEnglish.app */,
				16FA9A5D2186E2190094F334 /* DailyEnglishTests.xctest */,
				16FA9A682186E2190094F334 /* DailyEnglishUITests.xctest */,
			);
			name = Products;
			sourceTree = "<group>";
		};
		16FA9A4B2186E2130094F334 /* DailyEnglish */ = {
			isa = PBXGroup;
			children = (
				16FA9A822186FF6B0094F334 /* StoryBoard */,
				16FA9A7E2186F6510094F334 /* Classes */,
				16FA9A4C2186E2130094F334 /* AppDelegate.swift */,
				16FA9A532186E2190094F334 /* Assets.xcassets */,
				16FA9A582186E2190094F334 /* Info.plist */,
				16FA9A7A2186E37D0094F334 /* DailyEnglish-Bridging-Header.h */,
			);
			path = DailyEnglish;
			sourceTree = "<group>";
		};
		16FA9A602186E2190094F334 /* DailyEnglishTests */ = {
			isa = PBXGroup;
			children = (
				16FA9A612186E2190094F334 /* DailyEnglishTests.swift */,
				16FA9A632186E2190094F334 /* Info.plist */,
			);
			path = DailyEnglishTests;
			sourceTree = "<group>";
		};
		16FA9A6B2186E2190094F334 /* DailyEnglishUITests */ = {
			isa = PBXGroup;
			children = (
				16FA9A6C2186E2190094F334 /* DailyEnglishUITests.swift */,
				16FA9A6E2186E2190094F334 /* Info.plist */,
			);
			path = DailyEnglishUITests;
			sourceTree = "<group>";
		};
		16FA9A7E2186F6510094F334 /* Classes */ = {
			isa = PBXGroup;
			children = (
				16FA9A942187009B0094F334 /* UI */,
				16FA9A93218700960094F334 /* Lib */,
				16FA9A922187007F0094F334 /* Category */,
				16FA9A87218700160094F334 /* Utils */,
				16FA9A862186FFF10094F334 /* Service */,
				16FA9A852186FFDD0094F334 /* Model */,
				16FA9A7F2186FEB80094F334 /* Common */,
			);
			path = Classes;
			sourceTree = "<group>";
		};
		16FA9A7F2186FEB80094F334 /* Common */ = {
			isa = PBXGroup;
			children = (
				16FA9A802186FEF60094F334 /* AppMacros.swift */,
			);
			path = Common;
			sourceTree = "<group>";
		};
		16FA9A822186FF6B0094F334 /* StoryBoard */ = {
			isa = PBXGroup;
			children = (
				165D9328218C2FF400EFFA53 /* Login.storyboard */,
				165D9326218C2F0100EFFA53 /* Main.storyboard */,
				16FA9AB3218725780094F334 /* LaunchScreen.storyboard */,
				1668CDEF2190CAEF00AB4487 /* Personal.storyboard */,
				167DD2C62194B81F00FBFB05 /* Home.storyboard */,
			);
			path = StoryBoard;
			sourceTree = "<group>";
		};
		16FA9A852186FFDD0094F334 /* Model */ = {
			isa = PBXGroup;
			children = (
				16CB1A302188728D0030D732 /* ADInfo.swift */,
				16CB1A942188900F0030D732 /* NetStatus.swift */,
				16D6A28F2191F95F00EACD02 /* ScrolInfo.swift */,
				16D6A2912191FC0800EACD02 /* HomeNewsInfo.swift */,
				16A0019021932D4D00AA8A23 /* HomeTableInfo.swift */,
			);
			path = Model;
			sourceTree = "<group>";
		};
		16FA9A862186FFF10094F334 /* Service */ = {
			isa = PBXGroup;
			children = (
				163A10CE21884331000AE1D1 /* AppService.swift */,
				163A10CC2188423D000AE1D1 /* HttpService.swift */,
				1670F31A2196079700FBA64E /* AudioSet.h */,
				1670F31B2196079700FBA64E /* AudioSet.m */,
			);
			path = Service;
			sourceTree = "<group>";
		};
		16FA9A87218700160094F334 /* Utils */ = {
			isa = PBXGroup;
			children = (
				16FA9A88218700350094F334 /* ImageUtil.swift */,
				16FA9A89218700350094F334 /* RandomUtil.swift */,
				16FA9A8B218700350094F334 /* RegularUtil.swift */,
				16FA9A8C218700350094F334 /* StringUtil.swift */,
				16FA9A8A218700350094F334 /* TimeUtil.swift */,
			);
			path = Utils;
			sourceTree = "<group>";
		};
		16FA9A922187007F0094F334 /* Category */ = {
			isa = PBXGroup;
			children = (
				16FA9AA1218700BD0094F334 /* UIButton+Badge.h */,
				16FA9A9F218700BD0094F334 /* UIButton+Badge.m */,
				16FA9A9D218700BD0094F334 /* UIButton+LSSmsVerification.h */,
				16FA9A9E218700BD0094F334 /* UIButton+LSSmsVerification.m */,
				16FA9AA2218700BD0094F334 /* UIImage+FixOrientation.h */,
				16FA9A9A218700BD0094F334 /* UIImage+FixOrientation.m */,
				16FA9A9B218700BD0094F334 /* UITabBar+TabbarItemBadge.h */,
				16FA9A99218700BD0094F334 /* UITabBar+TabbarItemBadge.m */,
				16FA9A9C218700BD0094F334 /* UIViewController+BackButtonHandler.h */,
				16FA9A98218700BC0094F334 /* UIViewController+BackButtonHandler.m */,
			);
			path = Category;
			sourceTree = "<group>";
		};
		16FA9A93218700960094F334 /* Lib */ = {
			isa = PBXGroup;
			children = (
				1641730E218F821700EC37ED /* PhotoTailoringSource */,
				16CB1A7F21887EDB0030D732 /* AFNetworking */,
			);
			path = Lib;
			sourceTree = "<group>";
		};
		16FA9A942187009B0094F334 /* UI */ = {
			isa = PBXGroup;
			children = (
				1668CDEB2190772200AB4487 /* Dialog */,
				16FA9A96218700A80094F334 /* Controller */,
				16FA9A95218700A20094F334 /* View */,
			);
			path = UI;
			sourceTree = "<group>";
		};
		16FA9A95218700A20094F334 /* View */ = {
			isa = PBXGroup;
			children = (
				167DD2C021946D3300FBFB05 /* HWBaseWebViewController */,
				16FA9ABB218747950094F334 /* ATCountdownButton */,
				16FA9AA9218700F40094F334 /* QLNCustomButton.swift */,
				16FA9AAB218700F50094F334 /* QLNCustomView.swift */,
				16FA9AAA218700F40094F334 /* QLNTextField.swift */,
				16D6A28D2191F0E000EACD02 /* HomeHeaderView.swift */,
			);
			path = View;
			sourceTree = "<group>";
		};
		16FA9A96218700A80094F334 /* Controller */ = {
			isa = PBXGroup;
			children = (
				1668CDEC2190C2AF00AB4487 /* Home */,
				1620DA55218B1AD100B3CEA2 /* Login */,
				1620DA502189F6BC00B3CEA2 /* Personal */,
				16CB1A992188D8060030D732 /* AD */,
				163A10D02188465C000AE1D1 /* MainTabBar.swift */,
			);
			path = Controller;
			sourceTree = "<group>";
		};
		16FA9ABB218747950094F334 /* ATCountdownButton */ = {
			isa = PBXGroup;
			children = (
				16FA9ABC218747950094F334 /* ATCountdownButton.h */,
				16FA9ABD218747950094F334 /* ATCountdownButton.m */,
				16FA9ABE218747950094F334 /* NSTimer+ExtraMethod.h */,
				16FA9ABF218747950094F334 /* NSTimer+ExtraMethod.m */,
			);
			path = ATCountdownButton;
			sourceTree = "<group>";
		};
		6712F52656B4E4AEAED99E28 /* Frameworks */ = {
			isa = PBXGroup;
			children = (
				9EC180393D9051CEB78B9470 /* Pods_DailyEnglish.framework */,
			);
			name = Frameworks;
			sourceTree = "<group>";
		};
		D643C0190ACFB2AD6F3543A6 /* Pods */ = {
			isa = PBXGroup;
			children = (
				7B7C77DE74CB881B9BF9C3C0 /* Pods-DailyEnglish.debug.xcconfig */,
				08337A2EC0DAD116113E2731 /* Pods-DailyEnglish.release.xcconfig */,
			);
			name = Pods;
			sourceTree = "<group>";
		};
/* End PBXGroup section */

/* Begin PBXNativeTarget section */
		16FA9A482186E2130094F334 /* DailyEnglish */ = {
			isa = PBXNativeTarget;
			buildConfigurationList = 16FA9A712186E2190094F334 /* Build configuration list for PBXNativeTarget "DailyEnglish" */;
			buildPhases = (
				8CB3E62F77AA2CB72C01F24C /* [CP] Check Pods Manifest.lock */,
				16FA9A452186E2130094F334 /* Sources */,
				16FA9A462186E2130094F334 /* Frameworks */,
				16FA9A472186E2130094F334 /* Resources */,
				ABF725DA7C585D9B8DF1E681 /* [CP] Embed Pods Frameworks */,
			);
			buildRules = (
			);
			dependencies = (
			);
			name = DailyEnglish;
			productName = DailyEnglish;
			productReference = 16FA9A492186E2130094F334 /* DailyEnglish.app */;
			productType = "com.apple.product-type.application";
		};
		16FA9A5C2186E2190094F334 /* DailyEnglishTests */ = {
			isa = PBXNativeTarget;
			buildConfigurationList = 16FA9A742186E2190094F334 /* Build configuration list for PBXNativeTarget "DailyEnglishTests" */;
			buildPhases = (
				16FA9A592186E2190094F334 /* Sources */,
				16FA9A5A2186E2190094F334 /* Frameworks */,
				16FA9A5B2186E2190094F334 /* Resources */,
			);
			buildRules = (
			);
			dependencies = (
				16FA9A5F2186E2190094F334 /* PBXTargetDependency */,
			);
			name = DailyEnglishTests;
			productName = DailyEnglishTests;
			productReference = 16FA9A5D2186E2190094F334 /* DailyEnglishTests.xctest */;
			productType = "com.apple.product-type.bundle.unit-test";
		};
		16FA9A672186E2190094F334 /* DailyEnglishUITests */ = {
			isa = PBXNativeTarget;
			buildConfigurationList = 16FA9A772186E2190094F334 /* Build configuration list for PBXNativeTarget "DailyEnglishUITests" */;
			buildPhases = (
				16FA9A642186E2190094F334 /* Sources */,
				16FA9A652186E2190094F334 /* Frameworks */,
				16FA9A662186E2190094F334 /* Resources */,
			);
			buildRules = (
			);
			dependencies = (
				16FA9A6A2186E2190094F334 /* PBXTargetDependency */,
			);
			name = DailyEnglishUITests;
			productName = DailyEnglishUITests;
			productReference = 16FA9A682186E2190094F334 /* DailyEnglishUITests.xctest */;
			productType = "com.apple.product-type.bundle.ui-testing";
		};
/* End PBXNativeTarget section */

/* Begin PBXProject section */
		16FA9A412186E2130094F334 /* Project object */ = {
			isa = PBXProject;
			attributes = {
				LastSwiftUpdateCheck = 1000;
				LastUpgradeCheck = 1000;
				ORGANIZATIONNAME = "邱岭男";
				TargetAttributes = {
					16FA9A482186E2130094F334 = {
						CreatedOnToolsVersion = 10.0;
						LastSwiftMigration = 1000;
						SystemCapabilities = {
							com.apple.BackgroundModes = {
								enabled = 1;
							};
						};
					};
					16FA9A5C2186E2190094F334 = {
						CreatedOnToolsVersion = 10.0;
						TestTargetID = 16FA9A482186E2130094F334;
					};
					16FA9A672186E2190094F334 = {
						CreatedOnToolsVersion = 10.0;
						TestTargetID = 16FA9A482186E2130094F334;
					};
				};
			};
			buildConfigurationList = 16FA9A442186E2130094F334 /* Build configuration list for PBXProject "DailyEnglish" */;
			compatibilityVersion = "Xcode 9.3";
			developmentRegion = en;
			hasScannedForEncodings = 0;
			knownRegions = (
				en,
				Base,
			);
			mainGroup = 16FA9A402186E2130094F334;
			productRefGroup = 16FA9A4A2186E2130094F334 /* Products */;
			projectDirPath = "";
			projectRoot = "";
			targets = (
				16FA9A482186E2130094F334 /* DailyEnglish */,
				16FA9A5C2186E2190094F334 /* DailyEnglishTests */,
				16FA9A672186E2190094F334 /* DailyEnglishUITests */,
			);
		};
/* End PBXProject section */

/* Begin PBXResourcesBuildPhase section */
		16FA9A472186E2130094F334 /* Resources */ = {
			isa = PBXResourcesBuildPhase;
			buildActionMask = 2147483647;
			files = (
				165D9329218C2FF400EFFA53 /* Login.storyboard in Resources */,
				1668CDF02190CAEF00AB4487 /* Personal.storyboard in Resources */,
				16FA9AB4218725780094F334 /* LaunchScreen.storyboard in Resources */,
				167DD2C72194B81F00FBFB05 /* Home.storyboard in Resources */,
				16FA9A542186E2190094F334 /* Assets.xcassets in Resources */,
				165D9327218C2F0100EFFA53 /* Main.storyboard in Resources */,
			);
			runOnlyForDeploymentPostprocessing = 0;
		};
		16FA9A5B2186E2190094F334 /* Resources */ = {
			isa = PBXResourcesBuildPhase;
			buildActionMask = 2147483647;
			files = (
			);
			runOnlyForDeploymentPostprocessing = 0;
		};
		16FA9A662186E2190094F334 /* Resources */ = {
			isa = PBXResourcesBuildPhase;
			buildActionMask = 2147483647;
			files = (
			);
			runOnlyForDeploymentPostprocessing = 0;
		};
/* End PBXResourcesBuildPhase section */

/* Begin PBXShellScriptBuildPhase section */
		8CB3E62F77AA2CB72C01F24C /* [CP] Check Pods Manifest.lock */ = {
			isa = PBXShellScriptBuildPhase;
			buildActionMask = 2147483647;
			files = (
			);
			inputPaths = (
				"${PODS_PODFILE_DIR_PATH}/Podfile.lock",
				"${PODS_ROOT}/Manifest.lock",
			);
			name = "[CP] Check Pods Manifest.lock";
			outputPaths = (
				"$(DERIVED_FILE_DIR)/Pods-DailyEnglish-checkManifestLockResult.txt",
			);
			runOnlyForDeploymentPostprocessing = 0;
			shellPath = /bin/sh;
			shellScript = "diff \"${PODS_PODFILE_DIR_PATH}/Podfile.lock\" \"${PODS_ROOT}/Manifest.lock\" > /dev/null\nif [ $? != 0 ] ; then\n    # print error to STDERR\n    echo \"error: The sandbox is not in sync with the Podfile.lock. Run 'pod install' or update your CocoaPods installation.\" >&2\n    exit 1\nfi\n# This output is used by Xcode 'outputs' to avoid re-running this script phase.\necho \"SUCCESS\" > \"${SCRIPT_OUTPUT_FILE_0}\"\n";
			showEnvVarsInLog = 0;
		};
		ABF725DA7C585D9B8DF1E681 /* [CP] Embed Pods Frameworks */ = {
			isa = PBXShellScriptBuildPhase;
			buildActionMask = 2147483647;
			files = (
			);
			inputPaths = (
				"${SRCROOT}/Pods/Target Support Files/Pods-DailyEnglish/Pods-DailyEnglish-frameworks.sh",
				"${BUILT_PRODUCTS_DIR}/EasyShowView/EasyShowView.framework",
				"${BUILT_PRODUCTS_DIR}/MJExtension/MJExtension.framework",
				"${BUILT_PRODUCTS_DIR}/MJRefresh/MJRefresh.framework",
				"${BUILT_PRODUCTS_DIR}/SDAutoLayout/SDAutoLayout.framework",
				"${BUILT_PRODUCTS_DIR}/SDCycleScrollView/SDCycleScrollView.framework",
				"${BUILT_PRODUCTS_DIR}/SDWebImage/SDWebImage.framework",
				"${BUILT_PRODUCTS_DIR}/StreamingKit/StreamingKit.framework",
				"${BUILT_PRODUCTS_DIR}/Toast/Toast.framework",
			);
			name = "[CP] Embed Pods Frameworks";
			outputPaths = (
				"${TARGET_BUILD_DIR}/${FRAMEWORKS_FOLDER_PATH}/EasyShowView.framework",
				"${TARGET_BUILD_DIR}/${FRAMEWORKS_FOLDER_PATH}/MJExtension.framework",
				"${TARGET_BUILD_DIR}/${FRAMEWORKS_FOLDER_PATH}/MJRefresh.framework",
				"${TARGET_BUILD_DIR}/${FRAMEWORKS_FOLDER_PATH}/SDAutoLayout.framework",
				"${TARGET_BUILD_DIR}/${FRAMEWORKS_FOLDER_PATH}/SDCycleScrollView.framework",
				"${TARGET_BUILD_DIR}/${FRAMEWORKS_FOLDER_PATH}/SDWebImage.framework",
				"${TARGET_BUILD_DIR}/${FRAMEWORKS_FOLDER_PATH}/StreamingKit.framework",
				"${TARGET_BUILD_DIR}/${FRAMEWORKS_FOLDER_PATH}/Toast.framework",
			);
			runOnlyForDeploymentPostprocessing = 0;
			shellPath = /bin/sh;
			shellScript = "\"${SRCROOT}/Pods/Target Support Files/Pods-DailyEnglish/Pods-DailyEnglish-frameworks.sh\"\n";
			showEnvVarsInLog = 0;
		};
/* End PBXShellScriptBuildPhase section */

/* Begin PBXSourcesBuildPhase section */
		16FA9A452186E2130094F334 /* Sources */ = {
			isa = PBXSourcesBuildPhase;
			buildActionMask = 2147483647;
			files = (
				16CB1A9121887EDC0030D732 /* AFURLRequestSerialization.m in Sources */,
				167DD2C321946D3300FBFB05 /* HWBaseWebViewController.m in Sources */,
				16417319218F821700EC37ED /* PhotoMaskView.m in Sources */,
				16D6A28C2191CBB200EACD02 /* DailyRecommendation.swift in Sources */,
				16D6A2922191FC0800EACD02 /* HomeNewsInfo.swift in Sources */,
				165D932B218C33DF00EFFA53 /* Regist.swift in Sources */,
				16FA9AC1218747950094F334 /* NSTimer+ExtraMethod.m in Sources */,
				16FA9AAF218700F50094F334 /* QLNTextField.swift in Sources */,
				16D6A2902191F95F00EACD02 /* ScrolInfo.swift in Sources */,
				16CB1A312188728D0030D732 /* ADInfo.swift in Sources */,
				16CB1A9321887EDC0030D732 /* AFURLSessionManager.m in Sources */,
				16FA9AA7218700BD0094F334 /* UIButton+Badge.m in Sources */,
				16A0019121932D4D00AA8A23 /* HomeTableInfo.swift in Sources */,
				163A10D12188465C000AE1D1 /* MainTabBar.swift in Sources */,
				166E7E6E218F37FD004212DC /* ResetPassWorld.swift in Sources */,
				1668CDF22190CB0A00AB4487 /* Setting.swift in Sources */,
				1620DA57218B1AE000B3CEA2 /* Login.swift in Sources */,
				16FA9AA5218700BD0094F334 /* UIImage+FixOrientation.m in Sources */,
				16FA9A91218700350094F334 /* StringUtil.swift in Sources */,
				16417317218F821700EC37ED /* LYLPhotoTailoringTool.m in Sources */,
				16FA9AA3218700BD0094F334 /* UIViewController+BackButtonHandler.m in Sources */,
				167DD2C92194B90B00FBFB05 /* AudioDetails.swift in Sources */,
				16FA9AB0218700F50094F334 /* QLNCustomView.swift in Sources */,
				1641731A218F821700EC37ED /* UIImage+Crop.m in Sources */,
				165D932D218C33F500EFFA53 /* ForgetPassWorld.swift in Sources */,
				16417318218F821700EC37ED /* LYLPhotoTailoringViewController.m in Sources */,
				167DD2C521946D8F00FBFB05 /* ADWeb.swift in Sources */,
				16FA9AAE218700F50094F334 /* QLNCustomButton.swift in Sources */,
				16CB1A952188900F0030D732 /* NetStatus.swift in Sources */,
				163A10CD2188423D000AE1D1 /* HttpService.swift in Sources */,
				16CB1A8F21887EDC0030D732 /* AFNetworkReachabilityManager.m in Sources */,
				16FA9A4D2186E2130094F334 /* AppDelegate.swift in Sources */,
				16FA9AA4218700BD0094F334 /* UITabBar+TabbarItemBadge.m in Sources */,
				16D6A28E2191F0E000EACD02 /* HomeHeaderView.swift in Sources */,
				1668CDEA2190771200AB4487 /* EditNikeName.swift in Sources */,
				16FA9A8F218700350094F334 /* TimeUtil.swift in Sources */,
				1670F31C2196079700FBA64E /* AudioSet.m in Sources */,
				1620DA522189F72200B3CEA2 /* PersonalCenter.swift in Sources */,
				16CB1A8E21887EDC0030D732 /* AFHTTPSessionManager.m in Sources */,
				16FA9A90218700350094F334 /* RegularUtil.swift in Sources */,
				16FA9ABA21872DD80094F334 /* StartViewController.swift in Sources */,
				166E7E6C218EFE0C004212DC /* SMSVerification.swift in Sources */,
				16FA9A8E218700350094F334 /* RandomUtil.swift in Sources */,
				163A10CF21884331000AE1D1 /* AppService.swift in Sources */,
				16FA9AC0218747950094F334 /* ATCountdownButton.m in Sources */,
				16CB1A9021887EDC0030D732 /* AFSecurityPolicy.m in Sources */,
				16FA9AA6218700BD0094F334 /* UIButton+LSSmsVerification.m in Sources */,
				16FA9A812186FEF60094F334 /* AppMacros.swift in Sources */,
				16CB1A9221887EDC0030D732 /* AFURLResponseSerialization.m in Sources */,
				16FA9A8D218700350094F334 /* ImageUtil.swift in Sources */,
			);
			runOnlyForDeploymentPostprocessing = 0;
		};
		16FA9A592186E2190094F334 /* Sources */ = {
			isa = PBXSourcesBuildPhase;
			buildActionMask = 2147483647;
			files = (
				16FA9A622186E2190094F334 /* DailyEnglishTests.swift in Sources */,
			);
			runOnlyForDeploymentPostprocessing = 0;
		};
		16FA9A642186E2190094F334 /* Sources */ = {
			isa = PBXSourcesBuildPhase;
			buildActionMask = 2147483647;
			files = (
				16FA9A6D2186E2190094F334 /* DailyEnglishUITests.swift in Sources */,
			);
			runOnlyForDeploymentPostprocessing = 0;
		};
/* End PBXSourcesBuildPhase section */

/* Begin PBXTargetDependency section */
		16FA9A5F2186E2190094F334 /* PBXTargetDependency */ = {
			isa = PBXTargetDependency;
			target = 16FA9A482186E2130094F334 /* DailyEnglish */;
			targetProxy = 16FA9A5E2186E2190094F334 /* PBXContainerItemProxy */;
		};
		16FA9A6A2186E2190094F334 /* PBXTargetDependency */ = {
			isa = PBXTargetDependency;
			target = 16FA9A482186E2130094F334 /* DailyEnglish */;
			targetProxy = 16FA9A692186E2190094F334 /* PBXContainerItemProxy */;
		};
/* End PBXTargetDependency section */

/* Begin XCBuildConfiguration section */
		16FA9A6F2186E2190094F334 /* Debug */ = {
			isa = XCBuildConfiguration;
			buildSettings = {
				ALWAYS_SEARCH_USER_PATHS = NO;
				CLANG_ANALYZER_NONNULL = YES;
				CLANG_ANALYZER_NUMBER_OBJECT_CONVERSION = YES_AGGRESSIVE;
				CLANG_CXX_LANGUAGE_STANDARD = "gnu++14";
				CLANG_CXX_LIBRARY = "libc++";
				CLANG_ENABLE_MODULES = YES;
				CLANG_ENABLE_OBJC_ARC = YES;
				CLANG_ENABLE_OBJC_WEAK = YES;
				CLANG_WARN_BLOCK_CAPTURE_AUTORELEASING = YES;
				CLANG_WARN_BOOL_CONVERSION = YES;
				CLANG_WARN_COMMA = YES;
				CLANG_WARN_CONSTANT_CONVERSION = YES;
				CLANG_WARN_DEPRECATED_OBJC_IMPLEMENTATIONS = YES;
				CLANG_WARN_DIRECT_OBJC_ISA_USAGE = YES_ERROR;
				CLANG_WARN_DOCUMENTATION_COMMENTS = YES;
				CLANG_WARN_EMPTY_BODY = YES;
				CLANG_WARN_ENUM_CONVERSION = YES;
				CLANG_WARN_INFINITE_RECURSION = YES;
				CLANG_WARN_INT_CONVERSION = YES;
				CLANG_WARN_NON_LITERAL_NULL_CONVERSION = YES;
				CLANG_WARN_OBJC_IMPLICIT_RETAIN_SELF = YES;
				CLANG_WARN_OBJC_LITERAL_CONVERSION = YES;
				CLANG_WARN_OBJC_ROOT_CLASS = YES_ERROR;
				CLANG_WARN_RANGE_LOOP_ANALYSIS = YES;
				CLANG_WARN_STRICT_PROTOTYPES = YES;
				CLANG_WARN_SUSPICIOUS_MOVE = YES;
				CLANG_WARN_UNGUARDED_AVAILABILITY = YES_AGGRESSIVE;
				CLANG_WARN_UNREACHABLE_CODE = YES;
				CLANG_WARN__DUPLICATE_METHOD_MATCH = YES;
				CODE_SIGN_IDENTITY = "iPhone Developer";
				COPY_PHASE_STRIP = NO;
				DEBUG_INFORMATION_FORMAT = dwarf;
				ENABLE_STRICT_OBJC_MSGSEND = YES;
				ENABLE_TESTABILITY = YES;
				GCC_C_LANGUAGE_STANDARD = gnu11;
				GCC_DYNAMIC_NO_PIC = NO;
				GCC_NO_COMMON_BLOCKS = YES;
				GCC_OPTIMIZATION_LEVEL = 0;
				GCC_PREPROCESSOR_DEFINITIONS = (
					"DEBUG=1",
					"$(inherited)",
				);
				GCC_WARN_64_TO_32_BIT_CONVERSION = YES;
				GCC_WARN_ABOUT_RETURN_TYPE = YES_ERROR;
				GCC_WARN_UNDECLARED_SELECTOR = YES;
				GCC_WARN_UNINITIALIZED_AUTOS = YES_AGGRESSIVE;
				GCC_WARN_UNUSED_FUNCTION = YES;
				GCC_WARN_UNUSED_VARIABLE = YES;
				IPHONEOS_DEPLOYMENT_TARGET = 12.0;
				MTL_ENABLE_DEBUG_INFO = INCLUDE_SOURCE;
				MTL_FAST_MATH = YES;
				ONLY_ACTIVE_ARCH = YES;
				SDKROOT = iphoneos;
				SWIFT_ACTIVE_COMPILATION_CONDITIONS = DEBUG;
				SWIFT_OPTIMIZATION_LEVEL = "-Onone";
			};
			name = Debug;
		};
		16FA9A702186E2190094F334 /* Release */ = {
			isa = XCBuildConfiguration;
			buildSettings = {
				ALWAYS_SEARCH_USER_PATHS = NO;
				CLANG_ANALYZER_NONNULL = YES;
				CLANG_ANALYZER_NUMBER_OBJECT_CONVERSION = YES_AGGRESSIVE;
				CLANG_CXX_LANGUAGE_STANDARD = "gnu++14";
				CLANG_CXX_LIBRARY = "libc++";
				CLANG_ENABLE_MODULES = YES;
				CLANG_ENABLE_OBJC_ARC = YES;
				CLANG_ENABLE_OBJC_WEAK = YES;
				CLANG_WARN_BLOCK_CAPTURE_AUTORELEASING = YES;
				CLANG_WARN_BOOL_CONVERSION = YES;
				CLANG_WARN_COMMA = YES;
				CLANG_WARN_CONSTANT_CONVERSION = YES;
				CLANG_WARN_DEPRECATED_OBJC_IMPLEMENTATIONS = YES;
				CLANG_WARN_DIRECT_OBJC_ISA_USAGE = YES_ERROR;
				CLANG_WARN_DOCUMENTATION_COMMENTS = YES;
				CLANG_WARN_EMPTY_BODY = YES;
				CLANG_WARN_ENUM_CONVERSION = YES;
				CLANG_WARN_INFINITE_RECURSION = YES;
				CLANG_WARN_INT_CONVERSION = YES;
				CLANG_WARN_NON_LITERAL_NULL_CONVERSION = YES;
				CLANG_WARN_OBJC_IMPLICIT_RETAIN_SELF = YES;
				CLANG_WARN_OBJC_LITERAL_CONVERSION = YES;
				CLANG_WARN_OBJC_ROOT_CLASS = YES_ERROR;
				CLANG_WARN_RANGE_LOOP_ANALYSIS = YES;
				CLANG_WARN_STRICT_PROTOTYPES = YES;
				CLANG_WARN_SUSPICIOUS_MOVE = YES;
				CLANG_WARN_UNGUARDED_AVAILABILITY = YES_AGGRESSIVE;
				CLANG_WARN_UNREACHABLE_CODE = YES;
				CLANG_WARN__DUPLICATE_METHOD_MATCH = YES;
				CODE_SIGN_IDENTITY = "iPhone Developer";
				COPY_PHASE_STRIP = NO;
				DEBUG_INFORMATION_FORMAT = "dwarf-with-dsym";
				ENABLE_NS_ASSERTIONS = NO;
				ENABLE_STRICT_OBJC_MSGSEND = YES;
				GCC_C_LANGUAGE_STANDARD = gnu11;
				GCC_NO_COMMON_BLOCKS = YES;
				GCC_WARN_64_TO_32_BIT_CONVERSION = YES;
				GCC_WARN_ABOUT_RETURN_TYPE = YES_ERROR;
				GCC_WARN_UNDECLARED_SELECTOR = YES;
				GCC_WARN_UNINITIALIZED_AUTOS = YES_AGGRESSIVE;
				GCC_WARN_UNUSED_FUNCTION = YES;
				GCC_WARN_UNUSED_VARIABLE = YES;
				IPHONEOS_DEPLOYMENT_TARGET = 12.0;
				MTL_ENABLE_DEBUG_INFO = NO;
				MTL_FAST_MATH = YES;
				SDKROOT = iphoneos;
				SWIFT_COMPILATION_MODE = wholemodule;
				SWIFT_OPTIMIZATION_LEVEL = "-O";
				VALIDATE_PRODUCT = YES;
			};
			name = Release;
		};
		16FA9A722186E2190094F334 /* Debug */ = {
			isa = XCBuildConfiguration;
			baseConfigurationReference = 7B7C77DE74CB881B9BF9C3C0 /* Pods-DailyEnglish.debug.xcconfig */;
			buildSettings = {
				ASSETCATALOG_COMPILER_APPICON_NAME = AppIcon;
				CLANG_ENABLE_MODULES = YES;
				CODE_SIGN_STYLE = Automatic;
				DEVELOPMENT_TEAM = Y36SYGP76P;
				INFOPLIST_FILE = DailyEnglish/Info.plist;
				IPHONEOS_DEPLOYMENT_TARGET = 9.0;
				LD_RUNPATH_SEARCH_PATHS = (
					"$(inherited)",
					"@executable_path/Frameworks",
				);
				PRODUCT_BUNDLE_IDENTIFIER = com.gns.DailyEnglish;
				PRODUCT_NAME = "$(TARGET_NAME)";
				SWIFT_OBJC_BRIDGING_HEADER = "DailyEnglish/DailyEnglish-Bridging-Header.h";
				SWIFT_OPTIMIZATION_LEVEL = "-Onone";
				SWIFT_VERSION = 4.2;
				TARGETED_DEVICE_FAMILY = "1,2";
			};
			name = Debug;
		};
		16FA9A732186E2190094F334 /* Release */ = {
			isa = XCBuildConfiguration;
			baseConfigurationReference = 08337A2EC0DAD116113E2731 /* Pods-DailyEnglish.release.xcconfig */;
			buildSettings = {
				ASSETCATALOG_COMPILER_APPICON_NAME = AppIcon;
				CLANG_ENABLE_MODULES = YES;
				CODE_SIGN_STYLE = Automatic;
				DEVELOPMENT_TEAM = Y36SYGP76P;
				INFOPLIST_FILE = DailyEnglish/Info.plist;
				IPHONEOS_DEPLOYMENT_TARGET = 9.0;
				LD_RUNPATH_SEARCH_PATHS = (
					"$(inherited)",
					"@executable_path/Frameworks",
				);
				PRODUCT_BUNDLE_IDENTIFIER = com.gns.DailyEnglish;
				PRODUCT_NAME = "$(TARGET_NAME)";
				SWIFT_OBJC_BRIDGING_HEADER = "DailyEnglish/DailyEnglish-Bridging-Header.h";
				SWIFT_VERSION = 4.2;
				TARGETED_DEVICE_FAMILY = "1,2";
			};
			name = Release;
		};
		16FA9A752186E2190094F334 /* Debug */ = {
			isa = XCBuildConfiguration;
			buildSettings = {
				ALWAYS_EMBED_SWIFT_STANDARD_LIBRARIES = YES;
				BUNDLE_LOADER = "$(TEST_HOST)";
				CODE_SIGN_STYLE = Automatic;
				INFOPLIST_FILE = DailyEnglishTests/Info.plist;
				LD_RUNPATH_SEARCH_PATHS = (
					"$(inherited)",
					"@executable_path/Frameworks",
					"@loader_path/Frameworks",
				);
				PRODUCT_BUNDLE_IDENTIFIER = com.gns.DailyEnglishTests;
				PRODUCT_NAME = "$(TARGET_NAME)";
				SWIFT_VERSION = 4.2;
				TARGETED_DEVICE_FAMILY = "1,2";
				TEST_HOST = "$(BUILT_PRODUCTS_DIR)/DailyEnglish.app/DailyEnglish";
			};
			name = Debug;
		};
		16FA9A762186E2190094F334 /* Release */ = {
			isa = XCBuildConfiguration;
			buildSettings = {
				ALWAYS_EMBED_SWIFT_STANDARD_LIBRARIES = YES;
				BUNDLE_LOADER = "$(TEST_HOST)";
				CODE_SIGN_STYLE = Automatic;
				INFOPLIST_FILE = DailyEnglishTests/Info.plist;
				LD_RUNPATH_SEARCH_PATHS = (
					"$(inherited)",
					"@executable_path/Frameworks",
					"@loader_path/Frameworks",
				);
				PRODUCT_BUNDLE_IDENTIFIER = com.gns.DailyEnglishTests;
				PRODUCT_NAME = "$(TARGET_NAME)";
				SWIFT_VERSION = 4.2;
				TARGETED_DEVICE_FAMILY = "1,2";
				TEST_HOST = "$(BUILT_PRODUCTS_DIR)/DailyEnglish.app/DailyEnglish";
			};
			name = Release;
		};
		16FA9A782186E2190094F334 /* Debug */ = {
			isa = XCBuildConfiguration;
			buildSettings = {
				ALWAYS_EMBED_SWIFT_STANDARD_LIBRARIES = YES;
				CODE_SIGN_STYLE = Automatic;
				INFOPLIST_FILE = DailyEnglishUITests/Info.plist;
				LD_RUNPATH_SEARCH_PATHS = (
					"$(inherited)",
					"@executable_path/Frameworks",
					"@loader_path/Frameworks",
				);
				PRODUCT_BUNDLE_IDENTIFIER = com.gns.DailyEnglishUITests;
				PRODUCT_NAME = "$(TARGET_NAME)";
				SWIFT_VERSION = 4.2;
				TARGETED_DEVICE_FAMILY = "1,2";
				TEST_TARGET_NAME = DailyEnglish;
			};
			name = Debug;
		};
		16FA9A792186E2190094F334 /* Release */ = {
			isa = XCBuildConfiguration;
			buildSettings = {
				ALWAYS_EMBED_SWIFT_STANDARD_LIBRARIES = YES;
				CODE_SIGN_STYLE = Automatic;
				INFOPLIST_FILE = DailyEnglishUITests/Info.plist;
				LD_RUNPATH_SEARCH_PATHS = (
					"$(inherited)",
					"@executable_path/Frameworks",
					"@loader_path/Frameworks",
				);
				PRODUCT_BUNDLE_IDENTIFIER = com.gns.DailyEnglishUITests;
				PRODUCT_NAME = "$(TARGET_NAME)";
				SWIFT_VERSION = 4.2;
				TARGETED_DEVICE_FAMILY = "1,2";
				TEST_TARGET_NAME = DailyEnglish;
			};
			name = Release;
		};
/* End XCBuildConfiguration section */

/* Begin XCConfigurationList section */
		16FA9A442186E2130094F334 /* Build configuration list for PBXProject "DailyEnglish" */ = {
			isa = XCConfigurationList;
			buildConfigurations = (
				16FA9A6F2186E2190094F334 /* Debug */,
				16FA9A702186E2190094F334 /* Release */,
			);
			defaultConfigurationIsVisible = 0;
			defaultConfigurationName = Release;
		};
		16FA9A712186E2190094F334 /* Build configuration list for PBXNativeTarget "DailyEnglish" */ = {
			isa = XCConfigurationList;
			buildConfigurations = (
				16FA9A722186E2190094F334 /* Debug */,
				16FA9A732186E2190094F334 /* Release */,
			);
			defaultConfigurationIsVisible = 0;
			defaultConfigurationName = Release;
		};
		16FA9A742186E2190094F334 /* Build configuration list for PBXNativeTarget "DailyEnglishTests" */ = {
			isa = XCConfigurationList;
			buildConfigurations = (
				16FA9A752186E2190094F334 /* Debug */,
				16FA9A762186E2190094F334 /* Release */,
			);
			defaultConfigurationIsVisible = 0;
			defaultConfigurationName = Release;
		};
		16FA9A772186E2190094F334 /* Build configuration list for PBXNativeTarget "DailyEnglishUITests" */ = {
			isa = XCConfigurationList;
			buildConfigurations = (
				16FA9A782186E2190094F334 /* Debug */,
				16FA9A792186E2190094F334 /* Release */,
			);
			defaultConfigurationIsVisible = 0;
			defaultConfigurationName = Release;
		};
/* End XCConfigurationList section */
	};
	rootObject = 16FA9A412186E2130094F334 /* Project object */;
}
